
Microsoft Visual Studio Solution File, Format Version 12.00
# Visual Studio Version 17
VisualStudioVersion = 17.0.31903.59
MinimumVisualStudioVersion = 10.0.40219.1
Project("{FAE04EC0-301F-11D3-BF4B-00C04F79EFBC}") = "Store.Api", "Store.Api\Store.Api.csproj", "{318C6960-1A7F-4218-9A51-30CCCE804626}"
EndProject
Project("{FAE04EC0-301F-11D3-BF4B-00C04F79EFBC}") = "Store.Application", "Store.Application\Store.Application.csproj", "{16254584-23D6-40F2-A5D4-CAC7B554107F}"
EndProject
Project("{FAE04EC0-301F-11D3-BF4B-00C04F79EFBC}") = "Store.Domain", "Store.Domain\Store.Domain.csproj", "{48483F8E-AFA6-4A5E-B648-466BD16C786D}"
EndProject
Project("{FAE04EC0-301F-11D3-BF4B-00C04F79EFBC}") = "Store.Contracts", "Store.Contracts\Store.Contracts.csproj", "{35ADE4D1-2E6A-4AF5-AB1C-868732EF59D2}"
EndProject
Project("{FAE04EC0-301F-11D3-BF4B-00C04F79EFBC}") = "Store.SharedKernel", "Store.SharedKernel\Store.SharedKernel.csproj", "{B8E26979-E5B1-470C-9C74-1F7DA89A1141}"
EndProject
Project("{FAE04EC0-301F-11D3-BF4B-00C04F79EFBC}") = "Store.Infrastructure", "Store.Infrastructure\Store.Infrastructure.csproj", "{C9FAF574-1E79-4F5A-887C-7FB7E1C3F5AA}"
EndProject
Project("{2150E333-8FDC-42A3-9474-1A3956D46DE8}") = "Store.Tests", "Store.Tests", "{452CC0F4-7FD5-0D15-0DBD-EC7BDAE3D6BB}"
EndProject
Project("{2150E333-8FDC-42A3-9474-1A3956D46DE8}") = "UnitTests", "UnitTests", "{41B79C32-C53B-BCF4-5B2B-94A75604E54E}"
EndProject
Project("{FAE04EC0-301F-11D3-BF4B-00C04F79EFBC}") = "Store.Tests.UnitTests", "Store.Tests\UnitTests\Store.Tests.UnitTests.csproj", "{32B1DFF8-DA8B-4D82-9B0F-2453119CA7D0}"
EndProject
Project("{2150E333-8FDC-42A3-9474-1A3956D46DE8}") = "IntegrationTests", "IntegrationTests", "{4F032F47-AE47-592D-8275-462F5209D7A9}"
EndProject
Project("{FAE04EC0-301F-11D3-BF4B-00C04F79EFBC}") = "Store.Tests.IntegrationTests", "Store.Tests\IntegrationTests\Store.Tests.IntegrationTests.csproj", "{A80F5E4D-A871-4524-8734-10876CE522E6}"
EndProject
Global
	GlobalSection(SolutionConfigurationPlatforms) = preSolution
		Debug|Any CPU = Debug|Any CPU
		Debug|x64 = Debug|x64
		Debug|x86 = Debug|x86
		Release|Any CPU = Release|Any CPU
		Release|x64 = Release|x64
		Release|x86 = Release|x86
	EndGlobalSection
	GlobalSection(ProjectConfigurationPlatforms) = postSolution
		{318C6960-1A7F-4218-9A51-30CCCE804626}.Debug|Any CPU.ActiveCfg = Debug|Any CPU
		{318C6960-1A7F-4218-9A51-30CCCE804626}.Debug|Any CPU.Build.0 = Debug|Any CPU
		{318C6960-1A7F-4218-9A51-30CCCE804626}.Debug|x64.ActiveCfg = Debug|Any CPU
		{318C6960-1A7F-4218-9A51-30CCCE804626}.Debug|x64.Build.0 = Debug|Any CPU
		{318C6960-1A7F-4218-9A51-30CCCE804626}.Debug|x86.ActiveCfg = Debug|Any CPU
		{318C6960-1A7F-4218-9A51-30CCCE804626}.Debug|x86.Build.0 = Debug|Any CPU
		{318C6960-1A7F-4218-9A51-30CCCE804626}.Release|Any CPU.ActiveCfg = Release|Any CPU
		{318C6960-1A7F-4218-9A51-30CCCE804626}.Release|Any CPU.Build.0 = Release|Any CPU
		{318C6960-1A7F-4218-9A51-30CCCE804626}.Release|x64.ActiveCfg = Release|Any CPU
		{318C6960-1A7F-4218-9A51-30CCCE804626}.Release|x64.Build.0 = Release|Any CPU
		{318C6960-1A7F-4218-9A51-30CCCE804626}.Release|x86.ActiveCfg = Release|Any CPU
		{318C6960-1A7F-4218-9A51-30CCCE804626}.Release|x86.Build.0 = Release|Any CPU
		{16254584-23D6-40F2-A5D4-CAC7B554107F}.Debug|Any CPU.ActiveCfg = Debug|Any CPU
		{16254584-23D6-40F2-A5D4-CAC7B554107F}.Debug|Any CPU.Build.0 = Debug|Any CPU
		{16254584-23D6-40F2-A5D4-CAC7B554107F}.Debug|x64.ActiveCfg = Debug|Any CPU
		{16254584-23D6-40F2-A5D4-CAC7B554107F}.Debug|x64.Build.0 = Debug|Any CPU
		{16254584-23D6-40F2-A5D4-CAC7B554107F}.Debug|x86.ActiveCfg = Debug|Any CPU
		{16254584-23D6-40F2-A5D4-CAC7B554107F}.Debug|x86.Build.0 = Debug|Any CPU
		{16254584-23D6-40F2-A5D4-CAC7B554107F}.Release|Any CPU.ActiveCfg = Release|Any CPU
		{16254584-23D6-40F2-A5D4-CAC7B554107F}.Release|Any CPU.Build.0 = Release|Any CPU
		{16254584-23D6-40F2-A5D4-CAC7B554107F}.Release|x64.ActiveCfg = Release|Any CPU
		{16254584-23D6-40F2-A5D4-CAC7B554107F}.Release|x64.Build.0 = Release|Any CPU
		{16254584-23D6-40F2-A5D4-CAC7B554107F}.Release|x86.ActiveCfg = Release|Any CPU
		{16254584-23D6-40F2-A5D4-CAC7B554107F}.Release|x86.Build.0 = Release|Any CPU
		{48483F8E-AFA6-4A5E-B648-466BD16C786D}.Debug|Any CPU.ActiveCfg = Debug|Any CPU
		{48483F8E-AFA6-4A5E-B648-466BD16C786D}.Debug|Any CPU.Build.0 = Debug|Any CPU
		{48483F8E-AFA6-4A5E-B648-466BD16C786D}.Debug|x64.ActiveCfg = Debug|Any CPU
		{48483F8E-AFA6-4A5E-B648-466BD16C786D}.Debug|x64.Build.0 = Debug|Any CPU
		{48483F8E-AFA6-4A5E-B648-466BD16C786D}.Debug|x86.ActiveCfg = Debug|Any CPU
		{48483F8E-AFA6-4A5E-B648-466BD16C786D}.Debug|x86.Build.0 = Debug|Any CPU
		{48483F8E-AFA6-4A5E-B648-466BD16C786D}.Release|Any CPU.ActiveCfg = Release|Any CPU
		{48483F8E-AFA6-4A5E-B648-466BD16C786D}.Release|Any CPU.Build.0 = Release|Any CPU
		{48483F8E-AFA6-4A5E-B648-466BD16C786D}.Release|x64.ActiveCfg = Release|Any CPU
		{48483F8E-AFA6-4A5E-B648-466BD16C786D}.Release|x64.Build.0 = Release|Any CPU
		{48483F8E-AFA6-4A5E-B648-466BD16C786D}.Release|x86.ActiveCfg = Release|Any CPU
		{48483F8E-AFA6-4A5E-B648-466BD16C786D}.Release|x86.Build.0 = Release|Any CPU
		{35ADE4D1-2E6A-4AF5-AB1C-868732EF59D2}.Debug|Any CPU.ActiveCfg = Debug|Any CPU
		{35ADE4D1-2E6A-4AF5-AB1C-868732EF59D2}.Debug|Any CPU.Build.0 = Debug|Any CPU
		{35ADE4D1-2E6A-4AF5-AB1C-868732EF59D2}.Debug|x64.ActiveCfg = Debug|Any CPU
		{35ADE4D1-2E6A-4AF5-AB1C-868732EF59D2}.Debug|x64.Build.0 = Debug|Any CPU
		{35ADE4D1-2E6A-4AF5-AB1C-868732EF59D2}.Debug|x86.ActiveCfg = Debug|Any CPU
		{35ADE4D1-2E6A-4AF5-AB1C-868732EF59D2}.Debug|x86.Build.0 = Debug|Any CPU
		{35ADE4D1-2E6A-4AF5-AB1C-868732EF59D2}.Release|Any CPU.ActiveCfg = Release|Any CPU
		{35ADE4D1-2E6A-4AF5-AB1C-868732EF59D2}.Release|Any CPU.Build.0 = Release|Any CPU
		{35ADE4D1-2E6A-4AF5-AB1C-868732EF59D2}.Release|x64.ActiveCfg = Release|Any CPU
		{35ADE4D1-2E6A-4AF5-AB1C-868732EF59D2}.Release|x64.Build.0 = Release|Any CPU
		{35ADE4D1-2E6A-4AF5-AB1C-868732EF59D2}.Release|x86.ActiveCfg = Release|Any CPU
		{35ADE4D1-2E6A-4AF5-AB1C-868732EF59D2}.Release|x86.Build.0 = Release|Any CPU
		{B8E26979-E5B1-470C-9C74-1F7DA89A1141}.Debug|Any CPU.ActiveCfg = Debug|Any CPU
		{B8E26979-E5B1-470C-9C74-1F7DA89A1141}.Debug|Any CPU.Build.0 = Debug|Any CPU
		{B8E26979-E5B1-470C-9C74-1F7DA89A1141}.Debug|x64.ActiveCfg = Debug|Any CPU
		{B8E26979-E5B1-470C-9C74-1F7DA89A1141}.Debug|x64.Build.0 = Debug|Any CPU
		{B8E26979-E5B1-470C-9C74-1F7DA89A1141}.Debug|x86.ActiveCfg = Debug|Any CPU
		{B8E26979-E5B1-470C-9C74-1F7DA89A1141}.Debug|x86.Build.0 = Debug|Any CPU
		{B8E26979-E5B1-470C-9C74-1F7DA89A1141}.Release|Any CPU.ActiveCfg = Release|Any CPU
		{B8E26979-E5B1-470C-9C74-1F7DA89A1141}.Release|Any CPU.Build.0 = Release|Any CPU
		{B8E26979-E5B1-470C-9C74-1F7DA89A1141}.Release|x64.ActiveCfg = Release|Any CPU
		{B8E26979-E5B1-470C-9C74-1F7DA89A1141}.Release|x64.Build.0 = Release|Any CPU
		{B8E26979-E5B1-470C-9C74-1F7DA89A1141}.Release|x86.ActiveCfg = Release|Any CPU
		{B8E26979-E5B1-470C-9C74-1F7DA89A1141}.Release|x86.Build.0 = Release|Any CPU
		{C9FAF574-1E79-4F5A-887C-7FB7E1C3F5AA}.Debug|Any CPU.ActiveCfg = Debug|Any CPU
		{C9FAF574-1E79-4F5A-887C-7FB7E1C3F5AA}.Debug|Any CPU.Build.0 = Debug|Any CPU
		{C9FAF574-1E79-4F5A-887C-7FB7E1C3F5AA}.Debug|x64.ActiveCfg = Debug|Any CPU
		{C9FAF574-1E79-4F5A-887C-7FB7E1C3F5AA}.Debug|x64.Build.0 = Debug|Any CPU
		{C9FAF574-1E79-4F5A-887C-7FB7E1C3F5AA}.Debug|x86.ActiveCfg = Debug|Any CPU
		{C9FAF574-1E79-4F5A-887C-7FB7E1C3F5AA}.Debug|x86.Build.0 = Debug|Any CPU
		{C9FAF574-1E79-4F5A-887C-7FB7E1C3F5AA}.Release|Any CPU.ActiveCfg = Release|Any CPU
		{C9FAF574-1E79-4F5A-887C-7FB7E1C3F5AA}.Release|Any CPU.Build.0 = Release|Any CPU
		{C9FAF574-1E79-4F5A-887C-7FB7E1C3F5AA}.Release|x64.ActiveCfg = Release|Any CPU
		{C9FAF574-1E79-4F5A-887C-7FB7E1C3F5AA}.Release|x64.Build.0 = Release|Any CPU
		{C9FAF574-1E79-4F5A-887C-7FB7E1C3F5AA}.Release|x86.ActiveCfg = Release|Any CPU
		{C9FAF574-1E79-4F5A-887C-7FB7E1C3F5AA}.Release|x86.Build.0 = Release|Any CPU
		{32B1DFF8-DA8B-4D82-9B0F-2453119CA7D0}.Debug|Any CPU.ActiveCfg = Debug|Any CPU
		{32B1DFF8-DA8B-4D82-9B0F-2453119CA7D0}.Debug|Any CPU.Build.0 = Debug|Any CPU
		{32B1DFF8-DA8B-4D82-9B0F-2453119CA7D0}.Debug|x64.ActiveCfg = Debug|Any CPU
		{32B1DFF8-DA8B-4D82-9B0F-2453119CA7D0}.Debug|x64.Build.0 = Debug|Any CPU
		{32B1DFF8-DA8B-4D82-9B0F-2453119CA7D0}.Debug|x86.ActiveCfg = Debug|Any CPU
		{32B1DFF8-DA8B-4D82-9B0F-2453119CA7D0}.Debug|x86.Build.0 = Debug|Any CPU
		{32B1DFF8-DA8B-4D82-9B0F-2453119CA7D0}.Release|Any CPU.ActiveCfg = Release|Any CPU
		{32B1DFF8-DA8B-4D82-9B0F-2453119CA7D0}.Release|Any CPU.Build.0 = Release|Any CPU
		{32B1DFF8-DA8B-4D82-9B0F-2453119CA7D0}.Release|x64.ActiveCfg = Release|Any CPU
		{32B1DFF8-DA8B-4D82-9B0F-2453119CA7D0}.Release|x64.Build.0 = Release|Any CPU
		{32B1DFF8-DA8B-4D82-9B0F-2453119CA7D0}.Release|x86.ActiveCfg = Release|Any CPU
		{32B1DFF8-DA8B-4D82-9B0F-2453119CA7D0}.Release|x86.Build.0 = Release|Any CPU
		{A80F5E4D-A871-4524-8734-10876CE522E6}.Debug|Any CPU.ActiveCfg = Debug|Any CPU
		{A80F5E4D-A871-4524-8734-10876CE522E6}.Debug|Any CPU.Build.0 = Debug|Any CPU
		{A80F5E4D-A871-4524-8734-10876CE522E6}.Debug|x64.ActiveCfg = Debug|Any CPU
		{A80F5E4D-A871-4524-8734-10876CE522E6}.Debug|x64.Build.0 = Debug|Any CPU
		{A80F5E4D-A871-4524-8734-10876CE522E6}.Debug|x86.ActiveCfg = Debug|Any CPU
		{A80F5E4D-A871-4524-8734-10876CE522E6}.Debug|x86.Build.0 = Debug|Any CPU
		{A80F5E4D-A871-4524-8734-10876CE522E6}.Release|Any CPU.ActiveCfg = Release|Any CPU
		{A80F5E4D-A871-4524-8734-10876CE522E6}.Release|Any CPU.Build.0 = Release|Any CPU
		{A80F5E4D-A871-4524-8734-10876CE522E6}.Release|x64.ActiveCfg = Release|Any CPU
		{A80F5E4D-A871-4524-8734-10876CE522E6}.Release|x64.Build.0 = Release|Any CPU
		{A80F5E4D-A871-4524-8734-10876CE522E6}.Release|x86.ActiveCfg = Release|Any CPU
		{A80F5E4D-A871-4524-8734-10876CE522E6}.Release|x86.Build.0 = Release|Any CPU
	EndGlobalSection
	GlobalSection(SolutionProperties) = preSolution
		HideSolutionNode = FALSE
	EndGlobalSection
	GlobalSection(NestedProjects) = preSolution
		{41B79C32-C53B-BCF4-5B2B-94A75604E54E} = {452CC0F4-7FD5-0D15-0DBD-EC7BDAE3D6BB}
		{32B1DFF8-DA8B-4D82-9B0F-2453119CA7D0} = {41B79C32-C53B-BCF4-5B2B-94A75604E54E}
		{4F032F47-AE47-592D-8275-462F5209D7A9} = {452CC0F4-7FD5-0D15-0DBD-EC7BDAE3D6BB}
		{A80F5E4D-A871-4524-8734-10876CE522E6} = {4F032F47-AE47-592D-8275-462F5209D7A9}
	EndGlobalSection
EndGlobal
